
Microsoft Visual Studio Solution File, Format Version 12.00
# Visual Studio Version 17
VisualStudioVersion = 17.0.31903.59
MinimumVisualStudioVersion = 10.0.40219.1
Project("{9A19103F-16F7-4668-BE54-9A1E7A4F7556}") = "Extractor", "Extractor.csproj", "{06CA200F-2ACD-49F1-B994-4C25E1861A06}"
EndProject
Project("{9A19103F-16F7-4668-BE54-9A1E7A4F7556}") = "APIBusqueda", "..\APIBusqueda\APIBusqueda.csproj", "{5D53FD27-D116-4396-A22A-AA8F5720D7DF}"
EndProject
Project("{9A19103F-16F7-4668-BE54-9A1E7A4F7556}") = "EUSWrapper", "..\WrapperAPI\EUSWrapper.csproj", "{3EE53BBF-97AA-4813-B072-E4CD2E72999F}"
EndProject
Project("{FAE04EC0-301F-11D3-BF4B-00C04F79EFBC}") = "CATWrapper", "..\WrapperAPI2\CATWrapper.csproj", "{E6BCE760-8AE9-429B-9B16-F0A00487AA5A}"
EndProject
Global
	GlobalSection(SolutionConfigurationPlatforms) = preSolution
		Debug|Any CPU = Debug|Any CPU
		Release|Any CPU = Release|Any CPU
	EndGlobalSection
	GlobalSection(ProjectConfigurationPlatforms) = postSolution
		{06CA200F-2ACD-49F1-B994-4C25E1861A06}.Debug|Any CPU.ActiveCfg = Debug|Any CPU
		{06CA200F-2ACD-49F1-B994-4C25E1861A06}.Debug|Any CPU.Build.0 = Debug|Any CPU
		{06CA200F-2ACD-49F1-B994-4C25E1861A06}.Release|Any CPU.ActiveCfg = Release|Any CPU
		{06CA200F-2ACD-49F1-B994-4C25E1861A06}.Release|Any CPU.Build.0 = Release|Any CPU
		{5D53FD27-D116-4396-A22A-AA8F5720D7DF}.Debug|Any CPU.ActiveCfg = Debug|Any CPU
		{5D53FD27-D116-4396-A22A-AA8F5720D7DF}.Debug|Any CPU.Build.0 = Debug|Any CPU
		{5D53FD27-D116-4396-A22A-AA8F5720D7DF}.Release|Any CPU.ActiveCfg = Release|Any CPU
		{5D53FD27-D116-4396-A22A-AA8F5720D7DF}.Release|Any CPU.Build.0 = Release|Any CPU
		{3EE53BBF-97AA-4813-B072-E4CD2E72999F}.Debug|Any CPU.ActiveCfg = Debug|Any CPU
		{3EE53BBF-97AA-4813-B072-E4CD2E72999F}.Debug|Any CPU.Build.0 = Debug|Any CPU
		{3EE53BBF-97AA-4813-B072-E4CD2E72999F}.Release|Any CPU.ActiveCfg = Release|Any CPU
		{3EE53BBF-97AA-4813-B072-E4CD2E72999F}.Release|Any CPU.Build.0 = Release|Any CPU
		{E6BCE760-8AE9-429B-9B16-F0A00487AA5A}.Debug|Any CPU.ActiveCfg = Debug|Any CPU
		{E6BCE760-8AE9-429B-9B16-F0A00487AA5A}.Debug|Any CPU.Build.0 = Debug|Any CPU
		{E6BCE760-8AE9-429B-9B16-F0A00487AA5A}.Release|Any CPU.ActiveCfg = Release|Any CPU
		{E6BCE760-8AE9-429B-9B16-F0A00487AA5A}.Release|Any CPU.Build.0 = Release|Any CPU
	EndGlobalSection
	GlobalSection(SolutionProperties) = preSolution
		HideSolutionNode = FALSE
	EndGlobalSection
	GlobalSection(ExtensibilityGlobals) = postSolution
		SolutionGuid = {4D5A3DCF-53D3-488C-AD5A-6F86C7A93CE4}
	EndGlobalSection
EndGlobal
